<?xml version="1.0" encoding="UTF-8" standalone="yes" ?>
<CodeBlocks_project_file>
	<FileVersion major="1" minor="6" />
	<Project>
		<Option title="RubikSolver" />
		<Option pch_mode="2" />
		<Option compiler="gcc" />
		<Build>
			<Target title="Debug">
				<Option output="bin/Debug/RubikSolver" prefix_auto="1" extension_auto="1" />
				<Option object_output="obj/Debug/" />
				<Option type="1" />
				<Option compiler="gcc" />
				<Compiler>
					<Add option="-g" />
					<Add directory="include" />
				</Compiler>
			</Target>
			<Target title="Release">
				<Option output="bin/Release/RubikSolver" prefix_auto="1" extension_auto="1" />
				<Option object_output="obj/Release/" />
				<Option type="1" />
				<Option compiler="gcc" />
				<Compiler>
					<Add option="-O2" />
					<Add directory="include" />
				</Compiler>
				<Linker>
					<Add option="-s" />
				</Linker>
			</Target>
		</Build>
		<Compiler>
			<Add option="-Wall" />
			<Add option="-fexceptions" />
		</Compiler>
		<Unit filename="include/Cubies.h" />
		<Unit filename="include/Face.h" />
		<Unit filename="include/PatternDatabase.h" />
		<Unit filename="include/RubikSolver.h" />
		<Unit filename="include/Stack.h" />
		<Unit filename="include/TableGenerator.h" />
		<Unit filename="include/Utility.h" />
		<Unit filename="include/cube.h" />
		<Unit filename="main.cpp" />
		<Unit filename="src/Cubies.cpp" />
		<Unit filename="src/Face.cpp" />
		<Unit filename="src/RubikSolver.cpp" />
		<Unit filename="src/Stack.cpp" />
		<Unit filename="src/TableGenerator.cpp" />
		<Unit filename="src/cube.cpp" />
		<Extensions>
			<code_completion />
			<envvars />
			<debugger />
			<lib_finder disable_auto="1" />
		</Extensions>
	</Project>
</CodeBlocks_project_file>
